
Microsoft Visual Studio Solution File, Format Version 12.00
# Visual Studio Version 17
VisualStudioVersion = 17.5.002.0
MinimumVisualStudioVersion = 10.0.40219.1
Project("{9A19103F-16F7-4668-BE54-9A1E7A4F7556}") = "Homework7", "Homework7.csproj", "{64099008-1099-4631-B12A-B18E19809128}"
EndProject
Global
	GlobalSection(SolutionConfigurationPlatforms) = preSolution
		Debug|Any CPU = Debug|Any CPU
		Release|Any CPU = Release|Any CPU
	EndGlobalSection
	GlobalSection(ProjectConfigurationPlatforms) = postSolution
		{64099008-1099-4631-B12A-B18E19809128}.Debug|Any CPU.ActiveCfg = Debug|Any CPU
		{64099008-1099-4631-B12A-B18E19809128}.Debug|Any CPU.Build.0 = Debug|Any CPU
		{64099008-1099-4631-B12A-B18E19809128}.Release|Any CPU.ActiveCfg = Release|Any CPU
		{64099008-1099-4631-B12A-B18E19809128}.Release|Any CPU.Build.0 = Release|Any CPU
	EndGlobalSection
	GlobalSection(SolutionProperties) = preSolution
		HideSolutionNode = FALSE
	EndGlobalSection
	GlobalSection(ExtensibilityGlobals) = postSolution
		SolutionGuid = {AE8F31A7-B843-47A9-A49A-4F2738439AE7}
	EndGlobalSection
EndGlobal
